
Microsoft Visual Studio Solution File, Format Version 12.00
# Visual Studio 2013
VisualStudioVersion = 12.0.40629.0
MinimumVisualStudioVersion = 10.0.40219.1
Project("{F2A71F9B-5D33-465A-A702-920D77279786}") = "GameEngine", "GameEngine\GameEngine.fsproj", "{2A19FB3E-16BC-4410-BF3F-A6816FE1B5B5}"
EndProject
Project("{FAE04EC0-301F-11D3-BF4B-00C04F79EFBC}") = "GameEngineTest", "GameEngineTest\GameEngineTest.csproj", "{11429FD7-F6BE-4CC1-B4B3-B7A5E08AD838}"
EndProject
Project("{FAE04EC0-301F-11D3-BF4B-00C04F79EFBC}") = "CodeBreakerIntegrationLib", "CodeBreakerIntegrationLib\CodeBreakerIntegrationLib.csproj", "{EC4DD8CC-15B6-4DF7-A8B6-E33375B9A68E}"
EndProject
Project("{FAE04EC0-301F-11D3-BF4B-00C04F79EFBC}") = "WebSite", "WebSite\WebSite.csproj", "{BC053529-319B-4E5C-B850-419F0F786D1B}"
EndProject
Project("{FAE04EC0-301F-11D3-BF4B-00C04F79EFBC}") = "WebSiteHost", "WebSiteHost\WebSiteHost.csproj", "{C08388D4-08FF-4F1E-8ED3-19F55A0EFC73}"
EndProject
Global
	GlobalSection(SolutionConfigurationPlatforms) = preSolution
		Debug|Any CPU = Debug|Any CPU
		Release|Any CPU = Release|Any CPU
	EndGlobalSection
	GlobalSection(ProjectConfigurationPlatforms) = postSolution
		{2A19FB3E-16BC-4410-BF3F-A6816FE1B5B5}.Debug|Any CPU.ActiveCfg = Debug|Any CPU
		{2A19FB3E-16BC-4410-BF3F-A6816FE1B5B5}.Debug|Any CPU.Build.0 = Debug|Any CPU
		{2A19FB3E-16BC-4410-BF3F-A6816FE1B5B5}.Release|Any CPU.ActiveCfg = Release|Any CPU
		{2A19FB3E-16BC-4410-BF3F-A6816FE1B5B5}.Release|Any CPU.Build.0 = Release|Any CPU
		{11429FD7-F6BE-4CC1-B4B3-B7A5E08AD838}.Debug|Any CPU.ActiveCfg = Debug|Any CPU
		{11429FD7-F6BE-4CC1-B4B3-B7A5E08AD838}.Debug|Any CPU.Build.0 = Debug|Any CPU
		{11429FD7-F6BE-4CC1-B4B3-B7A5E08AD838}.Release|Any CPU.ActiveCfg = Release|Any CPU
		{11429FD7-F6BE-4CC1-B4B3-B7A5E08AD838}.Release|Any CPU.Build.0 = Release|Any CPU
		{EC4DD8CC-15B6-4DF7-A8B6-E33375B9A68E}.Debug|Any CPU.ActiveCfg = Debug|Any CPU
		{EC4DD8CC-15B6-4DF7-A8B6-E33375B9A68E}.Debug|Any CPU.Build.0 = Debug|Any CPU
		{EC4DD8CC-15B6-4DF7-A8B6-E33375B9A68E}.Release|Any CPU.ActiveCfg = Release|Any CPU
		{EC4DD8CC-15B6-4DF7-A8B6-E33375B9A68E}.Release|Any CPU.Build.0 = Release|Any CPU
		{BC053529-319B-4E5C-B850-419F0F786D1B}.Debug|Any CPU.ActiveCfg = Debug|Any CPU
		{BC053529-319B-4E5C-B850-419F0F786D1B}.Debug|Any CPU.Build.0 = Debug|Any CPU
		{BC053529-319B-4E5C-B850-419F0F786D1B}.Release|Any CPU.ActiveCfg = Release|Any CPU
		{BC053529-319B-4E5C-B850-419F0F786D1B}.Release|Any CPU.Build.0 = Release|Any CPU
		{C08388D4-08FF-4F1E-8ED3-19F55A0EFC73}.Debug|Any CPU.ActiveCfg = Debug|Any CPU
		{C08388D4-08FF-4F1E-8ED3-19F55A0EFC73}.Debug|Any CPU.Build.0 = Debug|Any CPU
		{C08388D4-08FF-4F1E-8ED3-19F55A0EFC73}.Release|Any CPU.ActiveCfg = Release|Any CPU
		{C08388D4-08FF-4F1E-8ED3-19F55A0EFC73}.Release|Any CPU.Build.0 = Release|Any CPU
	EndGlobalSection
	GlobalSection(SolutionProperties) = preSolution
		HideSolutionNode = FALSE
	EndGlobalSection
EndGlobal
